
Microsoft Visual Studio Solution File, Format Version 12.00
# Visual Studio Version 16
VisualStudioVersion = 16.0.30413.136
MinimumVisualStudioVersion = 10.0.40219.1
Project("{9A19103F-16F7-4668-BE54-9A1E7A4F7556}") = "ReCapProject.Entities", "ReCapProject.Entities\ReCapProject.Entities.csproj", "{21D00C65-6BA2-4D82-BAC5-4AD62F351770}"
EndProject
Project("{9A19103F-16F7-4668-BE54-9A1E7A4F7556}") = "ReCapProject.DataAccess", "ReCapProject.DataAccess\ReCapProject.DataAccess.csproj", "{D7FE380E-6EE3-4BC9-BD97-4AE8A5ECF228}"
EndProject
Project("{9A19103F-16F7-4668-BE54-9A1E7A4F7556}") = "ReCapProject.Business", "ReCapProject.Business\ReCapProject.Business.csproj", "{ABE38A51-5758-4D10-ABB0-DC0783A09C85}"
EndProject
Project("{9A19103F-16F7-4668-BE54-9A1E7A4F7556}") = "ReCapProject.ConsoleUI", "ReCapProject.ConsoleUI\ReCapProject.ConsoleUI.csproj", "{24F841F0-C91D-4B0F-A29E-A397548CFF4C}"
EndProject
Project("{9A19103F-16F7-4668-BE54-9A1E7A4F7556}") = "Core", "Core\Core.csproj", "{E6319FD1-01E0-41AC-A35E-8EBF5FE40169}"
EndProject
Project("{FAE04EC0-301F-11D3-BF4B-00C04F79EFBC}") = "ReCapProject.WebAPI", "ReCapProject.WebAPI\ReCapProject.WebAPI.csproj", "{98F0ACC2-CABE-48CF-990D-0737F54F01D9}"
EndProject
Global
	GlobalSection(SolutionConfigurationPlatforms) = preSolution
		Debug|Any CPU = Debug|Any CPU
		Release|Any CPU = Release|Any CPU
	EndGlobalSection
	GlobalSection(ProjectConfigurationPlatforms) = postSolution
		{21D00C65-6BA2-4D82-BAC5-4AD62F351770}.Debug|Any CPU.ActiveCfg = Debug|Any CPU
		{21D00C65-6BA2-4D82-BAC5-4AD62F351770}.Debug|Any CPU.Build.0 = Debug|Any CPU
		{21D00C65-6BA2-4D82-BAC5-4AD62F351770}.Release|Any CPU.ActiveCfg = Release|Any CPU
		{21D00C65-6BA2-4D82-BAC5-4AD62F351770}.Release|Any CPU.Build.0 = Release|Any CPU
		{D7FE380E-6EE3-4BC9-BD97-4AE8A5ECF228}.Debug|Any CPU.ActiveCfg = Debug|Any CPU
		{D7FE380E-6EE3-4BC9-BD97-4AE8A5ECF228}.Debug|Any CPU.Build.0 = Debug|Any CPU
		{D7FE380E-6EE3-4BC9-BD97-4AE8A5ECF228}.Release|Any CPU.ActiveCfg = Release|Any CPU
		{D7FE380E-6EE3-4BC9-BD97-4AE8A5ECF228}.Release|Any CPU.Build.0 = Release|Any CPU
		{ABE38A51-5758-4D10-ABB0-DC0783A09C85}.Debug|Any CPU.ActiveCfg = Debug|Any CPU
		{ABE38A51-5758-4D10-ABB0-DC0783A09C85}.Debug|Any CPU.Build.0 = Debug|Any CPU
		{ABE38A51-5758-4D10-ABB0-DC0783A09C85}.Release|Any CPU.ActiveCfg = Release|Any CPU
		{ABE38A51-5758-4D10-ABB0-DC0783A09C85}.Release|Any CPU.Build.0 = Release|Any CPU
		{24F841F0-C91D-4B0F-A29E-A397548CFF4C}.Debug|Any CPU.ActiveCfg = Debug|Any CPU
		{24F841F0-C91D-4B0F-A29E-A397548CFF4C}.Debug|Any CPU.Build.0 = Debug|Any CPU
		{24F841F0-C91D-4B0F-A29E-A397548CFF4C}.Release|Any CPU.ActiveCfg = Release|Any CPU
		{24F841F0-C91D-4B0F-A29E-A397548CFF4C}.Release|Any CPU.Build.0 = Release|Any CPU
		{E6319FD1-01E0-41AC-A35E-8EBF5FE40169}.Debug|Any CPU.ActiveCfg = Debug|Any CPU
		{E6319FD1-01E0-41AC-A35E-8EBF5FE40169}.Debug|Any CPU.Build.0 = Debug|Any CPU
		{E6319FD1-01E0-41AC-A35E-8EBF5FE40169}.Release|Any CPU.ActiveCfg = Release|Any CPU
		{E6319FD1-01E0-41AC-A35E-8EBF5FE40169}.Release|Any CPU.Build.0 = Release|Any CPU
		{98F0ACC2-CABE-48CF-990D-0737F54F01D9}.Debug|Any CPU.ActiveCfg = Debug|Any CPU
		{98F0ACC2-CABE-48CF-990D-0737F54F01D9}.Debug|Any CPU.Build.0 = Debug|Any CPU
		{98F0ACC2-CABE-48CF-990D-0737F54F01D9}.Release|Any CPU.ActiveCfg = Release|Any CPU
		{98F0ACC2-CABE-48CF-990D-0737F54F01D9}.Release|Any CPU.Build.0 = Release|Any CPU
	EndGlobalSection
	GlobalSection(SolutionProperties) = preSolution
		HideSolutionNode = FALSE
	EndGlobalSection
	GlobalSection(ExtensibilityGlobals) = postSolution
		SolutionGuid = {40D32197-B11B-46F6-ACBD-1785F5C439E8}
	EndGlobalSection
EndGlobal
